
Microsoft Visual Studio Solution File, Format Version 12.00
# Visual Studio Version 16
VisualStudioVersion = 16.0.30804.86
MinimumVisualStudioVersion = 10.0.40219.1
Project("{9A19103F-16F7-4668-BE54-9A1E7A4F7556}") = "Donguler", "Donguler\Donguler.csproj", "{0A46602B-1F82-4AC5-BCE6-87DCC91037AB}"
EndProject
Project("{9A19103F-16F7-4668-BE54-9A1E7A4F7556}") = "ClassIntro", "ClassIntro\ClassIntro.csproj", "{FF4D1AB1-D9E4-492A-BA26-6A39D511529E}"
EndProject
Project("{9A19103F-16F7-4668-BE54-9A1E7A4F7556}") = "Metotlar", "Metotlar\Metotlar.csproj", "{865627A0-A9E3-4DB1-9BAB-616B5199F77F}"
EndProject
Project("{9A19103F-16F7-4668-BE54-9A1E7A4F7556}") = "Matematik", "Matematik\Matematik.csproj", "{477A89E2-976D-4E48-85D6-8E1BE2CEB4E2}"
EndProject
Project("{FAE04EC0-301F-11D3-BF4B-00C04F79EFBC}") = "DegerVeReferansTipler", "DegerVeReferansTipler\DegerVeReferansTipler.csproj", "{DA76368E-6EBD-489A-83D7-7F230A5F9FCA}"
EndProject
Project("{9A19103F-16F7-4668-BE54-9A1E7A4F7556}") = "OOP1", "OOP1\OOP1.csproj", "{A652ABE0-C806-40BF-A2C8-7B0F2EA8D3E0}"
EndProject
Project("{9A19103F-16F7-4668-BE54-9A1E7A4F7556}") = "Collections", "Collections\Collections.csproj", "{41DC6229-C59B-4B10-AB7A-12EB299A9B5C}"
EndProject
Project("{9A19103F-16F7-4668-BE54-9A1E7A4F7556}") = "GenericsIntro", "GenericsIntro\GenericsIntro.csproj", "{117C8F24-7FC1-4981-8552-5986254622A1}"
EndProject
Global
	GlobalSection(SolutionConfigurationPlatforms) = preSolution
		Debug|Any CPU = Debug|Any CPU
		Release|Any CPU = Release|Any CPU
	EndGlobalSection
	GlobalSection(ProjectConfigurationPlatforms) = postSolution
		{0A46602B-1F82-4AC5-BCE6-87DCC91037AB}.Debug|Any CPU.ActiveCfg = Debug|Any CPU
		{0A46602B-1F82-4AC5-BCE6-87DCC91037AB}.Debug|Any CPU.Build.0 = Debug|Any CPU
		{0A46602B-1F82-4AC5-BCE6-87DCC91037AB}.Release|Any CPU.ActiveCfg = Release|Any CPU
		{0A46602B-1F82-4AC5-BCE6-87DCC91037AB}.Release|Any CPU.Build.0 = Release|Any CPU
		{FF4D1AB1-D9E4-492A-BA26-6A39D511529E}.Debug|Any CPU.ActiveCfg = Debug|Any CPU
		{FF4D1AB1-D9E4-492A-BA26-6A39D511529E}.Debug|Any CPU.Build.0 = Debug|Any CPU
		{FF4D1AB1-D9E4-492A-BA26-6A39D511529E}.Release|Any CPU.ActiveCfg = Release|Any CPU
		{FF4D1AB1-D9E4-492A-BA26-6A39D511529E}.Release|Any CPU.Build.0 = Release|Any CPU
		{865627A0-A9E3-4DB1-9BAB-616B5199F77F}.Debug|Any CPU.ActiveCfg = Debug|Any CPU
		{865627A0-A9E3-4DB1-9BAB-616B5199F77F}.Debug|Any CPU.Build.0 = Debug|Any CPU
		{865627A0-A9E3-4DB1-9BAB-616B5199F77F}.Release|Any CPU.ActiveCfg = Release|Any CPU
		{865627A0-A9E3-4DB1-9BAB-616B5199F77F}.Release|Any CPU.Build.0 = Release|Any CPU
		{477A89E2-976D-4E48-85D6-8E1BE2CEB4E2}.Debug|Any CPU.ActiveCfg = Debug|Any CPU
		{477A89E2-976D-4E48-85D6-8E1BE2CEB4E2}.Debug|Any CPU.Build.0 = Debug|Any CPU
		{477A89E2-976D-4E48-85D6-8E1BE2CEB4E2}.Release|Any CPU.ActiveCfg = Release|Any CPU
		{477A89E2-976D-4E48-85D6-8E1BE2CEB4E2}.Release|Any CPU.Build.0 = Release|Any CPU
		{DA76368E-6EBD-489A-83D7-7F230A5F9FCA}.Debug|Any CPU.ActiveCfg = Debug|Any CPU
		{DA76368E-6EBD-489A-83D7-7F230A5F9FCA}.Debug|Any CPU.Build.0 = Debug|Any CPU
		{DA76368E-6EBD-489A-83D7-7F230A5F9FCA}.Release|Any CPU.ActiveCfg = Release|Any CPU
		{DA76368E-6EBD-489A-83D7-7F230A5F9FCA}.Release|Any CPU.Build.0 = Release|Any CPU
		{A652ABE0-C806-40BF-A2C8-7B0F2EA8D3E0}.Debug|Any CPU.ActiveCfg = Debug|Any CPU
		{A652ABE0-C806-40BF-A2C8-7B0F2EA8D3E0}.Debug|Any CPU.Build.0 = Debug|Any CPU
		{A652ABE0-C806-40BF-A2C8-7B0F2EA8D3E0}.Release|Any CPU.ActiveCfg = Release|Any CPU
		{A652ABE0-C806-40BF-A2C8-7B0F2EA8D3E0}.Release|Any CPU.Build.0 = Release|Any CPU
		{41DC6229-C59B-4B10-AB7A-12EB299A9B5C}.Debug|Any CPU.ActiveCfg = Debug|Any CPU
		{41DC6229-C59B-4B10-AB7A-12EB299A9B5C}.Debug|Any CPU.Build.0 = Debug|Any CPU
		{41DC6229-C59B-4B10-AB7A-12EB299A9B5C}.Release|Any CPU.ActiveCfg = Release|Any CPU
		{41DC6229-C59B-4B10-AB7A-12EB299A9B5C}.Release|Any CPU.Build.0 = Release|Any CPU
		{117C8F24-7FC1-4981-8552-5986254622A1}.Debug|Any CPU.ActiveCfg = Debug|Any CPU
		{117C8F24-7FC1-4981-8552-5986254622A1}.Debug|Any CPU.Build.0 = Debug|Any CPU
		{117C8F24-7FC1-4981-8552-5986254622A1}.Release|Any CPU.ActiveCfg = Release|Any CPU
		{117C8F24-7FC1-4981-8552-5986254622A1}.Release|Any CPU.Build.0 = Release|Any CPU
	EndGlobalSection
	GlobalSection(SolutionProperties) = preSolution
		HideSolutionNode = FALSE
	EndGlobalSection
	GlobalSection(ExtensibilityGlobals) = postSolution
		SolutionGuid = {D62C2422-5B57-4FF9-841A-E6F6311F76A2}
	EndGlobalSection
EndGlobal
